<?xml version="1.0" encoding="utf-8"?>
<Project ToolsVersion="4.0" xmlns="http://schemas.microsoft.com/developer/msbuild/2003">
  <ItemGroup>
    <ClCompile Include="src\MainWindow.cpp" />
    <ClCompile Include="src\AI.cpp" />
    <ClCompile Include="src\GameWindow.cpp" />
    <ClCompile Include="src\Game.cpp" />
    <ClCompile Include="src\Checkers\CheckersGame.cpp" />
    <ClCompile Include="src\Checkers\Player.cpp" />
    <ClCompile Include="src\Checkers\AIPlayer.cpp" />
    <ClCompile Include="src\Checkers\ManualPlayer.cpp" />
    <ClCompile Include="src\Checkers\Board.cpp" />
  </ItemGroup>
  <ItemGroup>
    <ClInclude Include="src\AI.h" />
    <ClInclude Include="src\GameWindow.h" />
    <ClInclude Include="src\Game.h" />
    <ClInclude Include="src\Checkers\Move.h" />
    <ClInclude Include="src\Checkers\Square.h" />
    <ClInclude Include="src\Checkers\Piece.h" />
    <ClInclude Include="src\Checkers\CheckersGame.h" />
    <ClInclude Include="src\Checkers\Player.h" />
    <ClInclude Include="src\Checkers\AIPlayer.h" />
    <ClInclude Include="src\Checkers\ManualPlayer.h" />
    <ClInclude Include="src\Checkers\Color.h" />
    <ClInclude Include="src\Checkers\Board.h" />
  </ItemGroup>
</Project>